
Microsoft Visual Studio Solution File, Format Version 12.00
# Visual Studio Version 17
VisualStudioVersion = 17.8.34511.84
MinimumVisualStudioVersion = 10.0.40219.1
Project("{FAE04EC0-301F-11D3-BF4B-00C04F79EFBC}") = "HvhieuLabRevit", "HvhieuLabRevit.csproj", "{8405A03E-0B82-4868-A2FD-C690D5A4AADA}"
EndProject
Global
	GlobalSection(SolutionConfigurationPlatforms) = preSolution
		Debug|Any CPU = Debug|Any CPU
		Release|Any CPU = Release|Any CPU
	EndGlobalSection
	GlobalSection(ProjectConfigurationPlatforms) = postSolution
		{8405A03E-0B82-4868-A2FD-C690D5A4AADA}.Debug|Any CPU.ActiveCfg = Debug|Any CPU
		{8405A03E-0B82-4868-A2FD-C690D5A4AADA}.Debug|Any CPU.Build.0 = Debug|Any CPU
		{8405A03E-0B82-4868-A2FD-C690D5A4AADA}.Release|Any CPU.ActiveCfg = Release|Any CPU
		{8405A03E-0B82-4868-A2FD-C690D5A4AADA}.Release|Any CPU.Build.0 = Release|Any CPU
	EndGlobalSection
	GlobalSection(SolutionProperties) = preSolution
		HideSolutionNode = FALSE
	EndGlobalSection
	GlobalSection(ExtensibilityGlobals) = postSolution
		SolutionGuid = {266D05C9-4F3D-4C13-A8F1-13849BC4989F}
	EndGlobalSection
EndGlobal
